
Microsoft Visual Studio Solution File, Format Version 12.00
# Visual Studio Version 17
VisualStudioVersion = 17.10.35201.131
MinimumVisualStudioVersion = 10.0.40219.1
Project("{FAE04EC0-301F-11D3-BF4B-00C04F79EFBC}") = "EscolaDeIdiomas", "EscolaDeIdiomas\EscolaDeIdiomas.csproj", "{1D831529-1A43-463E-AEA7-8107D2849131}"
EndProject
Global
	GlobalSection(SolutionConfigurationPlatforms) = preSolution
		Debug|Any CPU = Debug|Any CPU
		Release|Any CPU = Release|Any CPU
	EndGlobalSection
	GlobalSection(ProjectConfigurationPlatforms) = postSolution
		{1D831529-1A43-463E-AEA7-8107D2849131}.Debug|Any CPU.ActiveCfg = Debug|Any CPU
		{1D831529-1A43-463E-AEA7-8107D2849131}.Debug|Any CPU.Build.0 = Debug|Any CPU
		{1D831529-1A43-463E-AEA7-8107D2849131}.Release|Any CPU.ActiveCfg = Release|Any CPU
		{1D831529-1A43-463E-AEA7-8107D2849131}.Release|Any CPU.Build.0 = Release|Any CPU
	EndGlobalSection
	GlobalSection(SolutionProperties) = preSolution
		HideSolutionNode = FALSE
	EndGlobalSection
	GlobalSection(ExtensibilityGlobals) = postSolution
		SolutionGuid = {06070EDA-A512-4649-A079-E22528883D10}
	EndGlobalSection
EndGlobal
